{
  "name": "zonetest",
  "version": "1.0.0",
  "lockfileVersion": 1,
  "requires": true,
  "dependencies": {
    "async-hook": {
      "version": "2.0.0",
      "resolved": "https://registry.npmjs.org/async-hook/-/async-hook-2.0.0.tgz",
      "integrity": "sha512-iPA/s4sfG+Blw6DHO13ZahDb9wkA4JM/NQ85PO1FdA0LfemmWudyo0QTmuniZMNb75MfHBMGoc2mRZ4FGGbLjQ=="
    },
    "bluebird": {
      "version": "3.5.3",
      "resolved": "https://registry.npmjs.org/bluebird/-/bluebird-3.5.3.tgz",
      "integrity": "sha512-/qKPUQlaW1OyR51WeCPBvRnAlnZFUJkCSG5HzGnuIqhgyJtF+T94lFnn33eiazjRm2LAHVy2guNnaq48X9SJuw=="
    },
    "node-zone": {
      "version": "0.2.0",
      "resolved": "https://registry.npmjs.org/node-zone/-/node-zone-0.2.0.tgz",
      "integrity": "sha512-fUaf9rZq/RNnPHQ3vMW3DC+gfsc37lDFZVBywZ7sHf0o1xN9u30lP0VreaJd5PnYWH5srqT8vpsFwu0hb0ltHQ==",
      "requires": {
        "async-hook": "2.0.0"
      }
    },
    "zone.js": {
      "version": "0.8.26",
      "resolved": "https://registry.npmjs.org/zone.js/-/zone.js-0.8.26.tgz",
      "integrity": "sha512-W9Nj+UmBJG251wkCacIkETgra4QgBo/vgoEkb4a2uoLzpQG7qF9nzwoLXWU5xj3Fg2mxGvEDh47mg24vXccYjA=="
    },
    "zones-proposal": {
      "version": "github:domenic/zones#eb65c6d43b452a877c24561cd64c6901e790ecf0"
    }
  }
}
